
Microsoft Visual Studio Solution File, Format Version 12.00
# Visual Studio 15
VisualStudioVersion = 15.0.28010.2026
MinimumVisualStudioVersion = 10.0.40219.1
Project("{FAE04EC0-301F-11D3-BF4B-00C04F79EFBC}") = "MyLibrarian", "MyLibrarian.csproj", "{B4499854-E465-432B-9741-90BEDA510351}"
EndProject
Global
	GlobalSection(SolutionConfigurationPlatforms) = preSolution
		Debug|Any CPU = Debug|Any CPU
		Release|Any CPU = Release|Any CPU
	EndGlobalSection
	GlobalSection(ProjectConfigurationPlatforms) = postSolution
		{B4499854-E465-432B-9741-90BEDA510351}.Debug|Any CPU.ActiveCfg = Debug|Any CPU
		{B4499854-E465-432B-9741-90BEDA510351}.Debug|Any CPU.Build.0 = Debug|Any CPU
		{B4499854-E465-432B-9741-90BEDA510351}.Release|Any CPU.ActiveCfg = Release|Any CPU
		{B4499854-E465-432B-9741-90BEDA510351}.Release|Any CPU.Build.0 = Release|Any CPU
	EndGlobalSection
	GlobalSection(SolutionProperties) = preSolution
		HideSolutionNode = FALSE
	EndGlobalSection
	GlobalSection(ExtensibilityGlobals) = postSolution
		SolutionGuid = {E91915BB-8DF6-41AF-815C-236121282009}
	EndGlobalSection
EndGlobal
